// !$*UTF8*$!
{
	archiveVersion = 1;
	classes = {
	};
	objectVersion = 46;
	objects = {

/* Begin PBXBuildFile section */
		61E052881C000648009F8CCB /* AppDelegate.swift in Sources */ = {isa = PBXBuildFile; fileRef = 61E052871C000648009F8CCB /* AppDelegate.swift */; };
		61E0528A1C000648009F8CCB /* ViewController.swift in Sources */ = {isa = PBXBuildFile; fileRef = 61E052891C000648009F8CCB /* ViewController.swift */; };
		61E0528D1C000648009F8CCB /* Main.storyboard in Resources */ = {isa = PBXBuildFile; fileRef = 61E0528B1C000648009F8CCB /* Main.storyboard */; };
		61E052901C000648009F8CCB /* Hansel.xcdatamodeld in Sources */ = {isa = PBXBuildFile; fileRef = 61E0528E1C000648009F8CCB /* Hansel.xcdatamodeld */; };
		61E052921C000648009F8CCB /* Assets.xcassets in Resources */ = {isa = PBXBuildFile; fileRef = 61E052911C000648009F8CCB /* Assets.xcassets */; };
		61E052951C000648009F8CCB /* LaunchScreen.storyboard in Resources */ = {isa = PBXBuildFile; fileRef = 61E052931C000648009F8CCB /* LaunchScreen.storyboard */; };
		61E052A01C000648009F8CCB /* HanselTests.swift in Sources */ = {isa = PBXBuildFile; fileRef = 61E0529F1C000648009F8CCB /* HanselTests.swift */; };
		61E052AB1C000648009F8CCB /* HanselUITests.swift in Sources */ = {isa = PBXBuildFile; fileRef = 61E052AA1C000648009F8CCB /* HanselUITests.swift */; };
/* End PBXBuildFile section */

/* Begin PBXContainerItemProxy section */
		61E0529C1C000648009F8CCB /* PBXContainerItemProxy */ = {
			isa = PBXContainerItemProxy;
			containerPortal = 61E0527C1C000648009F8CCB /* Project object */;
			proxyType = 1;
			remoteGlobalIDString = 61E052831C000648009F8CCB;
			remoteInfo = Hansel;
		};
		61E052A71C000648009F8CCB /* PBXContainerItemProxy */ = {
			isa = PBXContainerItemProxy;
			containerPortal = 61E0527C1C000648009F8CCB /* Project object */;
			proxyType = 1;
			remoteGlobalIDString = 61E052831C000648009F8CCB;
			remoteInfo = Hansel;
		};
/* End PBXContainerItemProxy section */

/* Begin PBXFileReference section */
		61E052841C000648009F8CCB /* Hansel.app */ = {isa = PBXFileReference; explicitFileType = wrapper.application; includeInIndex = 0; path = Hansel.app; sourceTree = BUILT_PRODUCTS_DIR; };
		61E052871C000648009F8CCB /* AppDelegate.swift */ = {isa = PBXFileReference; lastKnownFileType = sourcecode.swift; path = AppDelegate.swift; sourceTree = "<group>"; };
		61E052891C000648009F8CCB /* ViewController.swift */ = {isa = PBXFileReference; lastKnownFileType = sourcecode.swift; path = ViewController.swift; sourceTree = "<group>"; };
		61E0528C1C000648009F8CCB /* Base */ = {isa = PBXFileReference; lastKnownFileType = file.storyboard; name = Base; path = Base.lproj/Main.storyboard; sourceTree = "<group>"; };
		61E0528F1C000648009F8CCB /* Hansel.xcdatamodel */ = {isa = PBXFileReference; lastKnownFileType = wrapper.xcdatamodel; path = Hansel.xcdatamodel; sourceTree = "<group>"; };
		61E052911C000648009F8CCB /* Assets.xcassets */ = {isa = PBXFileReference; lastKnownFileType = folder.assetcatalog; path = Assets.xcassets; sourceTree = "<group>"; };
		61E052941C000648009F8CCB /* Base */ = {isa = PBXFileReference; lastKnownFileType = file.storyboard; name = Base; path = Base.lproj/LaunchScreen.storyboard; sourceTree = "<group>"; };
		61E052961C000648009F8CCB /* Info.plist */ = {isa = PBXFileReference; lastKnownFileType = text.plist.xml; path = Info.plist; sourceTree = "<group>"; };
		61E0529B1C000648009F8CCB /* HanselTests.xctest */ = {isa = PBXFileReference; explicitFileType = wrapper.cfbundle; includeInIndex = 0; path = HanselTests.xctest; sourceTree = BUILT_PRODUCTS_DIR; };
		61E0529F1C000648009F8CCB /* HanselTests.swift */ = {isa = PBXFileReference; lastKnownFileType = sourcecode.swift; path = HanselTests.swift; sourceTree = "<group>"; };
		61E052A11C000648009F8CCB /* Info.plist */ = {isa = PBXFileReference; lastKnownFileType = text.plist.xml; path = Info.plist; sourceTree = "<group>"; };
		61E052A61C000648009F8CCB /* HanselUITests.xctest */ = {isa = PBXFileReference; explicitFileType = wrapper.cfbundle; includeInIndex = 0; path = HanselUITests.xctest; sourceTree = BUILT_PRODUCTS_DIR; };
		61E052AA1C000648009F8CCB /* HanselUITests.swift */ = {isa = PBXFileReference; lastKnownFileType = sourcecode.swift; path = HanselUITests.swift; sourceTree = "<group>"; };
		61E052AC1C000648009F8CCB /* Info.plist */ = {isa = PBXFileReference; lastKnownFileType = text.plist.xml; path = Info.plist; sourceTree = "<group>"; };
/* End PBXFileReference section */

/* Begin PBXFrameworksBuildPhase section */
		61E052811C000648009F8CCB /* Frameworks */ = {
			isa = PBXFrameworksBuildPhase;
			buildActionMask = 2147483647;
			files = (
			);
			runOnlyForDeploymentPostprocessing = 0;
		};
		61E052981C000648009F8CCB /* Frameworks */ = {
			isa = PBXFrameworksBuildPhase;
			buildActionMask = 2147483647;
			files = (
			);
			runOnlyForDeploymentPostprocessing = 0;
		};
		61E052A31C000648009F8CCB /* Frameworks */ = {
			isa = PBXFrameworksBuildPhase;
			buildActionMask = 2147483647;
			files = (
			);
			runOnlyForDeploymentPostprocessing = 0;
		};
/* End PBXFrameworksBuildPhase section */

/* Begin PBXGroup section */
		61E0527B1C000648009F8CCB = {
			isa = PBXGroup;
			children = (
				61E052861C000648009F8CCB /* Hansel */,
				61E0529E1C000648009F8CCB /* HanselTests */,
				61E052A91C000648009F8CCB /* HanselUITests */,
				61E052851C000648009F8CCB /* Products */,
			);
			sourceTree = "<group>";
		};
		61E052851C000648009F8CCB /* Products */ = {
			isa = PBXGroup;
			children = (
				61E052841C000648009F8CCB /* Hansel.app */,
				61E0529B1C000648009F8CCB /* HanselTests.xctest */,
				61E052A61C000648009F8CCB /* HanselUITests.xctest */,
			);
			name = Products;
			sourceTree = "<group>";
		};
		61E052861C000648009F8CCB /* Hansel */ = {
			isa = PBXGroup;
			children = (
				61E052871C000648009F8CCB /* AppDelegate.swift */,
				61E052891C000648009F8CCB /* ViewController.swift */,
				61E0528B1C000648009F8CCB /* Main.storyboard */,
				61E052911C000648009F8CCB /* Assets.xcassets */,
				61E052931C000648009F8CCB /* LaunchScreen.storyboard */,
				61E052961C000648009F8CCB /* Info.plist */,
				61E0528E1C000648009F8CCB /* Hansel.xcdatamodeld */,
			);
			path = Hansel;
			sourceTree = "<group>";
		};
		61E0529E1C000648009F8CCB /* HanselTests */ = {
			isa = PBXGroup;
			children = (
				61E0529F1C000648009F8CCB /* HanselTests.swift */,
				61E052A11C000648009F8CCB /* Info.plist */,
			);
			path = HanselTests;
			sourceTree = "<group>";
		};
		61E052A91C000648009F8CCB /* HanselUITests */ = {
			isa = PBXGroup;
			children = (
				61E052AA1C000648009F8CCB /* HanselUITests.swift */,
				61E052AC1C000648009F8CCB /* Info.plist */,
			);
			path = HanselUITests;
			sourceTree = "<group>";
		};
/* End PBXGroup section */

/* Begin PBXNativeTarget section */
		61E052831C000648009F8CCB /* Hansel */ = {
			isa = PBXNativeTarget;
			buildConfigurationList = 61E052AF1C000648009F8CCB /* Build configuration list for PBXNativeTarget "Hansel" */;
			buildPhases = (
				61E052801C000648009F8CCB /* Sources */,
				61E052811C000648009F8CCB /* Frameworks */,
				61E052821C000648009F8CCB /* Resources */,
			);
			buildRules = (
			);
			dependencies = (
			);
			name = Hansel;
			productName = Hansel;
			productReference = 61E052841C000648009F8CCB /* Hansel.app */;
			productType = "com.apple.product-type.application";
		};
		61E0529A1C000648009F8CCB /* HanselTests */ = {
			isa = PBXNativeTarget;
			buildConfigurationList = 61E052B21C000648009F8CCB /* Build configuration list for PBXNativeTarget "HanselTests" */;
			buildPhases = (
				61E052971C000648009F8CCB /* Sources */,
				61E052981C000648009F8CCB /* Frameworks */,
				61E052991C000648009F8CCB /* Resources */,
			);
			buildRules = (
			);
			dependencies = (
				61E0529D1C000648009F8CCB /* PBXTargetDependency */,
			);
			name = HanselTests;
			productName = HanselTests;
			productReference = 61E0529B1C000648009F8CCB /* HanselTests.xctest */;
			productType = "com.apple.product-type.bundle.unit-test";
		};
		61E052A51C000648009F8CCB /* HanselUITests */ = {
			isa = PBXNativeTarget;
			buildConfigurationList = 61E052B51C000648009F8CCB /* Build configuration list for PBXNativeTarget "HanselUITests" */;
			buildPhases = (
				61E052A21C000648009F8CCB /* Sources */,
				61E052A31C000648009F8CCB /* Frameworks */,
				61E052A41C000648009F8CCB /* Resources */,
			);
			buildRules = (
			);
			dependencies = (
				61E052A81C000648009F8CCB /* PBXTargetDependency */,
			);
			name = HanselUITests;
			productName = HanselUITests;
			productReference = 61E052A61C000648009F8CCB /* HanselUITests.xctest */;
			productType = "com.apple.product-type.bundle.ui-testing";
		};
/* End PBXNativeTarget section */

/* Begin PBXProject section */
		61E0527C1C000648009F8CCB /* Project object */ = {
			isa = PBXProject;
			attributes = {
				LastSwiftUpdateCheck = 0710;
				LastUpgradeCheck = 0710;
				ORGANIZATIONNAME = "Marc Pechaitis";
				TargetAttributes = {
					61E052831C000648009F8CCB = {
						CreatedOnToolsVersion = 7.1.1;
					};
					61E0529A1C000648009F8CCB = {
						CreatedOnToolsVersion = 7.1.1;
						TestTargetID = 61E052831C000648009F8CCB;
					};
					61E052A51C000648009F8CCB = {
						CreatedOnToolsVersion = 7.1.1;
						TestTargetID = 61E052831C000648009F8CCB;
					};
				};
			};
			buildConfigurationList = 61E0527F1C000648009F8CCB /* Build configuration list for PBXProject "Hansel" */;
			compatibilityVersion = "Xcode 3.2";
			developmentRegion = English;
			hasScannedForEncodings = 0;
			knownRegions = (
				en,
				Base,
			);
			mainGroup = 61E0527B1C000648009F8CCB;
			productRefGroup = 61E052851C000648009F8CCB /* Products */;
			projectDirPath = "";
			projectRoot = "";
			targets = (
				61E052831C000648009F8CCB /* Hansel */,
				61E0529A1C000648009F8CCB /* HanselTests */,
				61E052A51C000648009F8CCB /* HanselUITests */,
			);
		};
/* End PBXProject section */

/* Begin PBXResourcesBuildPhase section */
		61E052821C000648009F8CCB /* Resources */ = {
			isa = PBXResourcesBuildPhase;
			buildActionMask = 2147483647;
			files = (
				61E052951C000648009F8CCB /* LaunchScreen.storyboard in Resources */,
				61E052921C000648009F8CCB /* Assets.xcassets in Resources */,
				61E0528D1C000648009F8CCB /* Main.storyboard in Resources */,
			);
			runOnlyForDeploymentPostprocessing = 0;
		};
		61E052991C000648009F8CCB /* Resources */ = {
			isa = PBXResourcesBuildPhase;
			buildActionMask = 2147483647;
			files = (
			);
			runOnlyForDeploymentPostprocessing = 0;
		};
		61E052A41C000648009F8CCB /* Resources */ = {
			isa = PBXResourcesBuildPhase;
			buildActionMask = 2147483647;
			files = (
			);
			runOnlyForDeploymentPostprocessing = 0;
		};
/* End PBXResourcesBuildPhase section */

/* Begin PBXSourcesBuildPhase section */
		61E052801C000648009F8CCB /* Sources */ = {
			isa = PBXSourcesBuildPhase;
			buildActionMask = 2147483647;
			files = (
				61E052901C000648009F8CCB /* Hansel.xcdatamodeld in Sources */,
				61E0528A1C000648009F8CCB /* ViewController.swift in Sources */,
				61E052881C000648009F8CCB /* AppDelegate.swift in Sources */,
			);
			runOnlyForDeploymentPostprocessing = 0;
		};
		61E052971C000648009F8CCB /* Sources */ = {
			isa = PBXSourcesBuildPhase;
			buildActionMask = 2147483647;
			files = (
				61E052A01C000648009F8CCB /* HanselTests.swift in Sources */,
			);
			runOnlyForDeploymentPostprocessing = 0;
		};
		61E052A21C000648009F8CCB /* Sources */ = {
			isa = PBXSourcesBuildPhase;
			buildActionMask = 2147483647;
			files = (
				61E052AB1C000648009F8CCB /* HanselUITests.swift in Sources */,
			);
			runOnlyForDeploymentPostprocessing = 0;
		};
/* End PBXSourcesBuildPhase section */

/* Begin PBXTargetDependency section */
		61E0529D1C000648009F8CCB /* PBXTargetDependency */ = {
			isa = PBXTargetDependency;
			target = 61E052831C000648009F8CCB /* Hansel */;
			targetProxy = 61E0529C1C000648009F8CCB /* PBXContainerItemProxy */;
		};
		61E052A81C000648009F8CCB /* PBXTargetDependency */ = {
			isa = PBXTargetDependency;
			target = 61E052831C000648009F8CCB /* Hansel */;
			targetProxy = 61E052A71C000648009F8CCB /* PBXContainerItemProxy */;
		};
/* End PBXTargetDependency section */

/* Begin PBXVariantGroup section */
		61E0528B1C000648009F8CCB /* Main.storyboard */ = {
			isa = PBXVariantGroup;
			children = (
				61E0528C1C000648009F8CCB /* Base */,
			);
			name = Main.storyboard;
			sourceTree = "<group>";
		};
		61E052931C000648009F8CCB /* LaunchScreen.storyboard */ = {
			isa = PBXVariantGroup;
			children = (
				61E052941C000648009F8CCB /* Base */,
			);
			name = LaunchScreen.storyboard;
			sourceTree = "<group>";
		};
/* End PBXVariantGroup section */

/* Begin XCBuildConfiguration section */
		61E052AD1C000648009F8CCB /* Debug */ = {
			isa = XCBuildConfiguration;
			buildSettings = {
				ALWAYS_SEARCH_USER_PATHS = NO;
				CLANG_CXX_LANGUAGE_STANDARD = "gnu++0x";
				CLANG_CXX_LIBRARY = "libc++";
				CLANG_ENABLE_MODULES = YES;
				CLANG_ENABLE_OBJC_ARC = YES;
				CLANG_WARN_BOOL_CONVERSION = YES;
				CLANG_WARN_CONSTANT_CONVERSION = YES;
				CLANG_WARN_DIRECT_OBJC_ISA_USAGE = YES_ERROR;
				CLANG_WARN_EMPTY_BODY = YES;
				CLANG_WARN_ENUM_CONVERSION = YES;
				CLANG_WARN_INT_CONVERSION = YES;
				CLANG_WARN_OBJC_ROOT_CLASS = YES_ERROR;
				CLANG_WARN_UNREACHABLE_CODE = YES;
				CLANG_WARN__DUPLICATE_METHOD_MATCH = YES;
				"CODE_SIGN_IDENTITY[sdk=iphoneos*]" = "iPhone Developer";
				COPY_PHASE_STRIP = NO;
				DEBUG_INFORMATION_FORMAT = dwarf;
				ENABLE_STRICT_OBJC_MSGSEND = YES;
				ENABLE_TESTABILITY = YES;
				GCC_C_LANGUAGE_STANDARD = gnu99;
				GCC_DYNAMIC_NO_PIC = NO;
				GCC_NO_COMMON_BLOCKS = YES;
				GCC_OPTIMIZATION_LEVEL = 0;
				GCC_PREPROCESSOR_DEFINITIONS = (
					"DEBUG=1",
					"$(inherited)",
				);
				GCC_WARN_64_TO_32_BIT_CONVERSION = YES;
				GCC_WARN_ABOUT_RETURN_TYPE = YES_ERROR;
				GCC_WARN_UNDECLARED_SELECTOR = YES;
				GCC_WARN_UNINITIALIZED_AUTOS = YES_AGGRESSIVE;
				GCC_WARN_UNUSED_FUNCTION = YES;
				GCC_WARN_UNUSED_VARIABLE = YES;
				IPHONEOS_DEPLOYMENT_TARGET = 9.1;
				MTL_ENABLE_DEBUG_INFO = YES;
				ONLY_ACTIVE_ARCH = YES;
				SDKROOT = iphoneos;
				SWIFT_OPTIMIZATION_LEVEL = "-Onone";
				TARGETED_DEVICE_FAMILY = "1,2";
			};
			name = Debug;
		};
		61E052AE1C000648009F8CCB /* Release */ = {
			isa = XCBuildConfiguration;
			buildSettings = {
				ALWAYS_SEARCH_USER_PATHS = NO;
				CLANG_CXX_LANGUAGE_STANDARD = "gnu++0x";
				CLANG_CXX_LIBRARY = "libc++";
				CLANG_ENABLE_MODULES = YES;
				CLANG_ENABLE_OBJC_ARC = YES;
				CLANG_WARN_BOOL_CONVERSION = YES;
				CLANG_WARN_CONSTANT_CONVERSION = YES;
				CLANG_WARN_DIRECT_OBJC_ISA_USAGE = YES_ERROR;
				CLANG_WARN_EMPTY_BODY = YES;
				CLANG_WARN_ENUM_CONVERSION = YES;
				CLANG_WARN_INT_CONVERSION = YES;
				CLANG_WARN_OBJC_ROOT_CLASS = YES_ERROR;
				CLANG_WARN_UNREACHABLE_CODE = YES;
				CLANG_WARN__DUPLICATE_METHOD_MATCH = YES;
				"CODE_SIGN_IDENTITY[sdk=iphoneos*]" = "iPhone Developer";
				COPY_PHASE_STRIP = NO;
				DEBUG_INFORMATION_FORMAT = "dwarf-with-dsym";
				ENABLE_NS_ASSERTIONS = NO;
				ENABLE_STRICT_OBJC_MSGSEND = YES;
				GCC_C_LANGUAGE_STANDARD = gnu99;
				GCC_NO_COMMON_BLOCKS = YES;
				GCC_WARN_64_TO_32_BIT_CONVERSION = YES;
				GCC_WARN_ABOUT_RETURN_TYPE = YES_ERROR;
				GCC_WARN_UNDECLARED_SELECTOR = YES;
				GCC_WARN_UNINITIALIZED_AUTOS = YES_AGGRESSIVE;
				GCC_WARN_UNUSED_FUNCTION = YES;
				GCC_WARN_UNUSED_VARIABLE = YES;
				IPHONEOS_DEPLOYMENT_TARGET = 9.1;
				MTL_ENABLE_DEBUG_INFO = NO;
				SDKROOT = iphoneos;
				TARGETED_DEVICE_FAMILY = "1,2";
				VALIDATE_PRODUCT = YES;
			};
			name = Release;
		};
		61E052B01C000648009F8CCB /* Debug */ = {
			isa = XCBuildConfiguration;
			buildSettings = {
				ASSETCATALOG_COMPILER_APPICON_NAME = AppIcon;
				INFOPLIST_FILE = Hansel/Info.plist;
				LD_RUNPATH_SEARCH_PATHS = "$(inherited) @executable_path/Frameworks";
				PRODUCT_BUNDLE_IDENTIFIER = com.sugarloafappcompany.Hansel;
				PRODUCT_NAME = "$(TARGET_NAME)";
			};
			name = Debug;
		};
		61E052B11C000648009F8CCB /* Release */ = {
			isa = XCBuildConfiguration;
			buildSettings = {
				ASSETCATALOG_COMPILER_APPICON_NAME = AppIcon;
				INFOPLIST_FILE = Hansel/Info.plist;
				LD_RUNPATH_SEARCH_PATHS = "$(inherited) @executable_path/Frameworks";
				PRODUCT_BUNDLE_IDENTIFIER = com.sugarloafappcompany.Hansel;
				PRODUCT_NAME = "$(TARGET_NAME)";
			};
			name = Release;
		};
		61E052B31C000648009F8CCB /* Debug */ = {
			isa = XCBuildConfiguration;
			buildSettings = {
				BUNDLE_LOADER = "$(TEST_HOST)";
				INFOPLIST_FILE = HanselTests/Info.plist;
				LD_RUNPATH_SEARCH_PATHS = "$(inherited) @executable_path/Frameworks @loader_path/Frameworks";
				PRODUCT_BUNDLE_IDENTIFIER = com.sugarloafappcompany.HanselTests;
				PRODUCT_NAME = "$(TARGET_NAME)";
				TEST_HOST = "$(BUILT_PRODUCTS_DIR)/Hansel.app/Hansel";
			};
			name = Debug;
		};
		61E052B41C000648009F8CCB /* Release */ = {
			isa = XCBuildConfiguration;
			buildSettings = {
				BUNDLE_LOADER = "$(TEST_HOST)";
				INFOPLIST_FILE = HanselTests/Info.plist;
				LD_RUNPATH_SEARCH_PATHS = "$(inherited) @executable_path/Frameworks @loader_path/Frameworks";
				PRODUCT_BUNDLE_IDENTIFIER = com.sugarloafappcompany.HanselTests;
				PRODUCT_NAME = "$(TARGET_NAME)";
				TEST_HOST = "$(BUILT_PRODUCTS_DIR)/Hansel.app/Hansel";
			};
			name = Release;
		};
		61E052B61C000648009F8CCB /* Debug */ = {
			isa = XCBuildConfiguration;
			buildSettings = {
				INFOPLIST_FILE = HanselUITests/Info.plist;
				LD_RUNPATH_SEARCH_PATHS = "$(inherited) @executable_path/Frameworks @loader_path/Frameworks";
				PRODUCT_BUNDLE_IDENTIFIER = com.sugarloafappcompany.HanselUITests;
				PRODUCT_NAME = "$(TARGET_NAME)";
				TEST_TARGET_NAME = Hansel;
				USES_XCTRUNNER = YES;
			};
			name = Debug;
		};
		61E052B71C000648009F8CCB /* Release */ = {
			isa = XCBuildConfiguration;
			buildSettings = {
				INFOPLIST_FILE = HanselUITests/Info.plist;
				LD_RUNPATH_SEARCH_PATHS = "$(inherited) @executable_path/Frameworks @loader_path/Frameworks";
				PRODUCT_BUNDLE_IDENTIFIER = com.sugarloafappcompany.HanselUITests;
				PRODUCT_NAME = "$(TARGET_NAME)";
				TEST_TARGET_NAME = Hansel;
				USES_XCTRUNNER = YES;
			};
			name = Release;
		};
/* End XCBuildConfiguration section */

/* Begin XCConfigurationList section */
		61E0527F1C000648009F8CCB /* Build configuration list for PBXProject "Hansel" */ = {
			isa = XCConfigurationList;
			buildConfigurations = (
				61E052AD1C000648009F8CCB /* Debug */,
				61E052AE1C000648009F8CCB /* Release */,
			);
			defaultConfigurationIsVisible = 0;
			defaultConfigurationName = Release;
		};
		61E052AF1C000648009F8CCB /* Build configuration list for PBXNativeTarget "Hansel" */ = {
			isa = XCConfigurationList;
			buildConfigurations = (
				61E052B01C000648009F8CCB /* Debug */,
				61E052B11C000648009F8CCB /* Release */,
			);
			defaultConfigurationIsVisible = 0;
		};
		61E052B21C000648009F8CCB /* Build configuration list for PBXNativeTarget "HanselTests" */ = {
			isa = XCConfigurationList;
			buildConfigurations = (
				61E052B31C000648009F8CCB /* Debug */,
				61E052B41C000648009F8CCB /* Release */,
			);
			defaultConfigurationIsVisible = 0;
		};
		61E052B51C000648009F8CCB /* Build configuration list for PBXNativeTarget "HanselUITests" */ = {
			isa = XCConfigurationList;
			buildConfigurations = (
				61E052B61C000648009F8CCB /* Debug */,
				61E052B71C000648009F8CCB /* Release */,
			);
			defaultConfigurationIsVisible = 0;
		};
/* End XCConfigurationList section */

/* Begin XCVersionGroup section */
		61E0528E1C000648009F8CCB /* Hansel.xcdatamodeld */ = {
			isa = XCVersionGroup;
			children = (
				61E0528F1C000648009F8CCB /* Hansel.xcdatamodel */,
			);
			currentVersion = 61E0528F1C000648009F8CCB /* Hansel.xcdatamodel */;
			path = Hansel.xcdatamodeld;
			sourceTree = "<group>";
			versionGroupType = wrapper.xcdatamodel;
		};
/* End XCVersionGroup section */
	};
	rootObject = 61E0527C1C000648009F8CCB /* Project object */;
}
